
Microsoft Visual Studio Solution File, Format Version 12.00
# Visual Studio Version 17
VisualStudioVersion = 17.0.32014.148
MinimumVisualStudioVersion = 10.0.40219.1
Project("{8BC9CEB8-8B4A-11D0-8D11-00A0C91BC942}") = "solq3", "solq3\solq3.vcxproj", "{DC81ED89-61C6-4DFF-86F5-2F000FC3032D}"
EndProject
Global
	GlobalSection(SolutionConfigurationPlatforms) = preSolution
		Debug|x64 = Debug|x64
		Debug|x86 = Debug|x86
		Release|x64 = Release|x64
		Release|x86 = Release|x86
	EndGlobalSection
	GlobalSection(ProjectConfigurationPlatforms) = postSolution
		{DC81ED89-61C6-4DFF-86F5-2F000FC3032D}.Debug|x64.ActiveCfg = Debug|x64
		{DC81ED89-61C6-4DFF-86F5-2F000FC3032D}.Debug|x64.Build.0 = Debug|x64
		{DC81ED89-61C6-4DFF-86F5-2F000FC3032D}.Debug|x86.ActiveCfg = Debug|Win32
		{DC81ED89-61C6-4DFF-86F5-2F000FC3032D}.Debug|x86.Build.0 = Debug|Win32
		{DC81ED89-61C6-4DFF-86F5-2F000FC3032D}.Release|x64.ActiveCfg = Release|x64
		{DC81ED89-61C6-4DFF-86F5-2F000FC3032D}.Release|x64.Build.0 = Release|x64
		{DC81ED89-61C6-4DFF-86F5-2F000FC3032D}.Release|x86.ActiveCfg = Release|Win32
		{DC81ED89-61C6-4DFF-86F5-2F000FC3032D}.Release|x86.Build.0 = Release|Win32
	EndGlobalSection
	GlobalSection(SolutionProperties) = preSolution
		HideSolutionNode = FALSE
	EndGlobalSection
	GlobalSection(ExtensibilityGlobals) = postSolution
		SolutionGuid = {7C74B332-93E5-49EC-82C4-C568379FD9B4}
	EndGlobalSection
EndGlobal
